
Microsoft Visual Studio Solution File, Format Version 12.00
# Visual Studio Version 16
VisualStudioVersion = 16.0.30804.86
MinimumVisualStudioVersion = 10.0.40219.1
Project("{2150E333-8FDC-42A3-9474-1A3956D46DE8}") = "src", "src", "{4B0A8151-04B8-4590-A226-F42E97FF212D}"
EndProject
Project("{9A19103F-16F7-4668-BE54-9A1E7A4F7556}") = "Solucao_Base.Dominio", "Solucao_Base.Dominio\Solucao_Base.Dominio.csproj", "{82EA8388-4397-4CF1-91AF-B6065E430322}"
EndProject
Project("{9A19103F-16F7-4668-BE54-9A1E7A4F7556}") = "Solucao_Base.Aplicacao", "Solucao_Base.Aplicacao\Solucao_Base.Aplicacao.csproj", "{A187E4B2-7116-4CB3-8E11-36A52DB8166F}"
EndProject
Project("{9A19103F-16F7-4668-BE54-9A1E7A4F7556}") = "Solucao_Base.Infra", "Solucao_Base.Infra\Solucao_Base.Infra.csproj", "{92AF6B20-534C-49D8-9525-6351F93856BC}"
EndProject
Project("{9A19103F-16F7-4668-BE54-9A1E7A4F7556}") = "Solucao_Base.Apresentacao", "Solucao_Base.Apresentacao\Solucao_Base.Apresentacao.csproj", "{0C9B4DD1-2B3C-4D3A-B60D-70444241AFE2}"
EndProject
Project("{2150E333-8FDC-42A3-9474-1A3956D46DE8}") = "testes", "testes", "{BC831A7A-84CE-45ED-9574-0C0C900348FD}"
EndProject
Global
	GlobalSection(SolutionConfigurationPlatforms) = preSolution
		Debug|Any CPU = Debug|Any CPU
		Release|Any CPU = Release|Any CPU
	EndGlobalSection
	GlobalSection(ProjectConfigurationPlatforms) = postSolution
		{82EA8388-4397-4CF1-91AF-B6065E430322}.Debug|Any CPU.ActiveCfg = Debug|Any CPU
		{82EA8388-4397-4CF1-91AF-B6065E430322}.Debug|Any CPU.Build.0 = Debug|Any CPU
		{82EA8388-4397-4CF1-91AF-B6065E430322}.Release|Any CPU.ActiveCfg = Release|Any CPU
		{82EA8388-4397-4CF1-91AF-B6065E430322}.Release|Any CPU.Build.0 = Release|Any CPU
		{A187E4B2-7116-4CB3-8E11-36A52DB8166F}.Debug|Any CPU.ActiveCfg = Debug|Any CPU
		{A187E4B2-7116-4CB3-8E11-36A52DB8166F}.Debug|Any CPU.Build.0 = Debug|Any CPU
		{A187E4B2-7116-4CB3-8E11-36A52DB8166F}.Release|Any CPU.ActiveCfg = Release|Any CPU
		{A187E4B2-7116-4CB3-8E11-36A52DB8166F}.Release|Any CPU.Build.0 = Release|Any CPU
		{92AF6B20-534C-49D8-9525-6351F93856BC}.Debug|Any CPU.ActiveCfg = Debug|Any CPU
		{92AF6B20-534C-49D8-9525-6351F93856BC}.Debug|Any CPU.Build.0 = Debug|Any CPU
		{92AF6B20-534C-49D8-9525-6351F93856BC}.Release|Any CPU.ActiveCfg = Release|Any CPU
		{92AF6B20-534C-49D8-9525-6351F93856BC}.Release|Any CPU.Build.0 = Release|Any CPU
		{0C9B4DD1-2B3C-4D3A-B60D-70444241AFE2}.Debug|Any CPU.ActiveCfg = Debug|Any CPU
		{0C9B4DD1-2B3C-4D3A-B60D-70444241AFE2}.Debug|Any CPU.Build.0 = Debug|Any CPU
		{0C9B4DD1-2B3C-4D3A-B60D-70444241AFE2}.Release|Any CPU.ActiveCfg = Release|Any CPU
		{0C9B4DD1-2B3C-4D3A-B60D-70444241AFE2}.Release|Any CPU.Build.0 = Release|Any CPU
	EndGlobalSection
	GlobalSection(SolutionProperties) = preSolution
		HideSolutionNode = FALSE
	EndGlobalSection
	GlobalSection(NestedProjects) = preSolution
		{82EA8388-4397-4CF1-91AF-B6065E430322} = {4B0A8151-04B8-4590-A226-F42E97FF212D}
		{A187E4B2-7116-4CB3-8E11-36A52DB8166F} = {4B0A8151-04B8-4590-A226-F42E97FF212D}
		{92AF6B20-534C-49D8-9525-6351F93856BC} = {4B0A8151-04B8-4590-A226-F42E97FF212D}
		{0C9B4DD1-2B3C-4D3A-B60D-70444241AFE2} = {4B0A8151-04B8-4590-A226-F42E97FF212D}
	EndGlobalSection
	GlobalSection(ExtensibilityGlobals) = postSolution
		SolutionGuid = {B3EBB113-0D06-4A7F-9722-175B1F844EE6}
	EndGlobalSection
EndGlobal
